
Microsoft Visual Studio Solution File, Format Version 12.00
# Visual Studio 15
VisualStudioVersion = 15.0.28307.902
MinimumVisualStudioVersion = 10.0.40219.1
Project("{FAE04EC0-301F-11D3-BF4B-00C04F79EFBC}") = "MyService", "MyService\MyService.csproj", "{EF9D99C7-667D-4F73-A1CA-A83899B4610C}"
EndProject
Project("{2150E333-8FDC-42A3-9474-1A3956D46DE8}") = "Solution Items", "Solution Items", "{186DFF3F-92A3-4D0E-92D1-B7008ADDFB5E}"
EndProject
Global
	GlobalSection(SolutionConfigurationPlatforms) = preSolution
		Debug|Any CPU = Debug|Any CPU
		Release|Any CPU = Release|Any CPU
	EndGlobalSection
	GlobalSection(ProjectConfigurationPlatforms) = postSolution
		{EF9D99C7-667D-4F73-A1CA-A83899B4610C}.Debug|Any CPU.ActiveCfg = Debug|Any CPU
		{EF9D99C7-667D-4F73-A1CA-A83899B4610C}.Debug|Any CPU.Build.0 = Debug|Any CPU
		{EF9D99C7-667D-4F73-A1CA-A83899B4610C}.Release|Any CPU.ActiveCfg = Release|Any CPU
		{EF9D99C7-667D-4F73-A1CA-A83899B4610C}.Release|Any CPU.Build.0 = Release|Any CPU
	EndGlobalSection
	GlobalSection(SolutionProperties) = preSolution
		HideSolutionNode = FALSE
	EndGlobalSection
	GlobalSection(ExtensibilityGlobals) = postSolution
		SolutionGuid = {5F879F1B-A49B-4CA1-9FE5-276A669971EF}
	EndGlobalSection
EndGlobal
